
Microsoft Visual Studio Solution File, Format Version 12.00
# Visual Studio Version 18
VisualStudioVersion = 18.4.11506.43 insiders
MinimumVisualStudioVersion = 10.0.40219.1
Project("{FAE04EC0-301F-11D3-BF4B-00C04F79EFBC}") = "SugoBackend", "SugoBackend.csproj", "{219BC162-2F3F-C7EE-C6EB-217BC7C69C96}"
EndProject
Global
	GlobalSection(SolutionConfigurationPlatforms) = preSolution
		Debug|Any CPU = Debug|Any CPU
		Release|Any CPU = Release|Any CPU
	EndGlobalSection
	GlobalSection(ProjectConfigurationPlatforms) = postSolution
		{219BC162-2F3F-C7EE-C6EB-217BC7C69C96}.Debug|Any CPU.ActiveCfg = Debug|Any CPU
		{219BC162-2F3F-C7EE-C6EB-217BC7C69C96}.Debug|Any CPU.Build.0 = Debug|Any CPU
		{219BC162-2F3F-C7EE-C6EB-217BC7C69C96}.Release|Any CPU.ActiveCfg = Release|Any CPU
		{219BC162-2F3F-C7EE-C6EB-217BC7C69C96}.Release|Any CPU.Build.0 = Release|Any CPU
	EndGlobalSection
	GlobalSection(SolutionProperties) = preSolution
		HideSolutionNode = FALSE
	EndGlobalSection
	GlobalSection(ExtensibilityGlobals) = postSolution
		SolutionGuid = {9C90B09E-04C7-4ADB-81B9-91E80521046C}
	EndGlobalSection
EndGlobal
